{
	  "name": "platform-libs",
	  "lockfileVersion": 3,
	  "requires": true,
	  "packages": {
	  	  "": {
	  	  	  "name": "platform-libs",
	  	  	  "workspaces": [
	  	  	  	  "packages/*",
	  	  	  	  "apps/*"
	  	  	  ]
	  	  },
	  	  "apps/test_freshsuccess": {
	  	  	  "name": "test-freshsuccess",
	  	  	  "dependencies": {
	  	  	  	  "@fyle-ops/freshsuccess": "0.1.0"
	  	  	  }
	  	  },
	  	  "node_modules/@fyle-ops/common": {
	  	  	  "resolved": "packages/common",
	  	  	  "link": true
	  	  },
	  	  "node_modules/@fyle-ops/freshsuccess": {
	  	  	  "resolved": "packages/freshsuccess",
	  	  	  "link": true
	  	  },
	  	  "node_modules/test-freshsuccess": {
	  	  	  "resolved": "apps/test_freshsuccess",
	  	  	  "link": true
	  	  },
	  	  "packages/common": {
	  	  	  "name": "@fyle-ops/common",
	  	  	  "version": "0.1.0"
	  	  },
	  	  "packages/freshsuccess": {
	  	  	  "name": "@fyle-ops/freshsuccess",
	  	  	  "version": "0.1.0",
	  	  	  "dependencies": {
	  	  	  	  "@fyle-ops/common": "0.1.0"
	  	  	  }
	  	  }
	  }
}
